{
  "name": "simple-socket-server",
  "version": "0.1.0",
  "lockfileVersion": 1,
  "requires": true,
  "dependencies": {
    "nanotimer": {
      "version": "0.3.15",
      "resolved": "https://registry.npmjs.org/nanotimer/-/nanotimer-0.3.15.tgz",
      "integrity": "sha1-KA0nfbkUbspvilcLVyq68qmsx1Q="
    },
    "uWebSockets.js": {
      "version": "github:uNetworking/uWebSockets.js#a58e810e47a23696410f6073c8c905dc38f75da5",
      "from": "github:uNetworking/uWebSockets.js#v20.6.0"
    }
  }
}
